// !$*UTF8*$!
{
	archiveVersion = 1;
	classes = {
	};
	objectVersion = 46;
	objects = {

/* Begin PBXBuildFile section */
		8E479CE21A18664800AF1D86 /* arrow-icon.png in Resources */ = {isa = PBXBuildFile; fileRef = 8E479CD21A18664800AF1D86 /* arrow-icon.png */; };
		8E479CE31A18664800AF1D86 /* arrow-icon@2x.png in Resources */ = {isa = PBXBuildFile; fileRef = 8E479CD31A18664800AF1D86 /* arrow-icon@2x.png */; };
		8E479CE41A18664800AF1D86 /* checkmark.png in Resources */ = {isa = PBXBuildFile; fileRef = 8E479CD41A18664800AF1D86 /* checkmark.png */; };
		8E479CE51A18664800AF1D86 /* checkmark@2x.png in Resources */ = {isa = PBXBuildFile; fileRef = 8E479CD51A18664800AF1D86 /* checkmark@2x.png */; };
		8E479CE61A18664800AF1D86 /* JKExpandTableView.m in Sources */ = {isa = PBXBuildFile; fileRef = 8E479CD71A18664800AF1D86 /* JKExpandTableView.m */; };
		8E479CE71A18664800AF1D86 /* JKMultiSelectSubTableViewCell.m in Sources */ = {isa = PBXBuildFile; fileRef = 8E479CD91A18664800AF1D86 /* JKMultiSelectSubTableViewCell.m */; };
		8E479CE81A18664800AF1D86 /* JKParentTableViewCell.m in Sources */ = {isa = PBXBuildFile; fileRef = 8E479CDB1A18664800AF1D86 /* JKParentTableViewCell.m */; };
		8E479CE91A18664800AF1D86 /* JKSingleSelectSubTableViewCell.m in Sources */ = {isa = PBXBuildFile; fileRef = 8E479CDD1A18664800AF1D86 /* JKSingleSelectSubTableViewCell.m */; };
		8E479CEA1A18664800AF1D86 /* JKSubTableViewCell.m in Sources */ = {isa = PBXBuildFile; fileRef = 8E479CDF1A18664800AF1D86 /* JKSubTableViewCell.m */; };
		8E479CEB1A18664800AF1D86 /* JKSubTableViewCellCell.m in Sources */ = {isa = PBXBuildFile; fileRef = 8E479CE11A18664800AF1D86 /* JKSubTableViewCellCell.m */; };
		8E479CF11A186F7800AF1D86 /* hextris in Resources */ = {isa = PBXBuildFile; fileRef = 8E479CF01A186F7800AF1D86 /* hextris */; };
		8EDD2F8F1A18804200C948D4 /* SystemConfiguration.framework in Frameworks */ = {isa = PBXBuildFile; fileRef = 8EDD2F8E1A18804200C948D4 /* SystemConfiguration.framework */; };
		8EDD2F911A18804900C948D4 /* StoreKit.framework in Frameworks */ = {isa = PBXBuildFile; fileRef = 8EDD2F901A18804800C948D4 /* StoreKit.framework */; };
		8EDD2F931A18805300C948D4 /* MediaPlayer.framework in Frameworks */ = {isa = PBXBuildFile; fileRef = 8EDD2F921A18805300C948D4 /* MediaPlayer.framework */; };
		8EDD2F951A18805800C948D4 /* AdSupport.framework in Frameworks */ = {isa = PBXBuildFile; fileRef = 8EDD2F941A18805800C948D4 /* AdSupport.framework */; };
		8EDD2F971A18838900C948D4 /* RevMobAds.framework in Frameworks */ = {isa = PBXBuildFile; fileRef = 8EDD2F961A18838900C948D4 /* RevMobAds.framework */; };
		98B7264D18F3FA530093D787 /* dataPropertyList.plist in Resources */ = {isa = PBXBuildFile; fileRef = 98B7264C18F3FA530093D787 /* dataPropertyList.plist */; };
		98B7268A18F534460093D787 /* Default~ipad.png in Resources */ = {isa = PBXBuildFile; fileRef = 98B7268518F534460093D787 /* Default~ipad.png */; };
		98B7268B18F534460093D787 /* Default-Portrait@2x~ipad.png in Resources */ = {isa = PBXBuildFile; fileRef = 98B7268618F534460093D787 /* Default-Portrait@2x~ipad.png */; };
		98B7268C18F534460093D787 /* Default-568h@2x.png in Resources */ = {isa = PBXBuildFile; fileRef = 98B7268718F534460093D787 /* Default-568h@2x.png */; };
		98B7268D18F534460093D787 /* Default.png in Resources */ = {isa = PBXBuildFile; fileRef = 98B7268818F534460093D787 /* Default.png */; };
		98B7268E18F534460093D787 /* Default@2x.png in Resources */ = {isa = PBXBuildFile; fileRef = 98B7268918F534460093D787 /* Default@2x.png */; };
		98B726AB18F535310093D787 /* Icon-72.png in Resources */ = {isa = PBXBuildFile; fileRef = 98B7269018F535310093D787 /* Icon-72.png */; };
		98B726AC18F535310093D787 /* Icon-72@2x.png in Resources */ = {isa = PBXBuildFile; fileRef = 98B7269118F535310093D787 /* Icon-72@2x.png */; };
		98B726AD18F535310093D787 /* Icon-Small-50.png in Resources */ = {isa = PBXBuildFile; fileRef = 98B7269218F535310093D787 /* Icon-Small-50.png */; };
		98B726AE18F535310093D787 /* Icon-Small-50@2x.png in Resources */ = {isa = PBXBuildFile; fileRef = 98B7269318F535310093D787 /* Icon-Small-50@2x.png */; };
		98B726AF18F535310093D787 /* Icon-Small.png in Resources */ = {isa = PBXBuildFile; fileRef = 98B7269418F535310093D787 /* Icon-Small.png */; };
		98B726B018F535310093D787 /* Icon-Small@2x.png in Resources */ = {isa = PBXBuildFile; fileRef = 98B7269518F535310093D787 /* Icon-Small@2x.png */; };
		98B726B118F535310093D787 /* Icon.png in Resources */ = {isa = PBXBuildFile; fileRef = 98B7269618F535310093D787 /* Icon.png */; };
		98B726B218F535310093D787 /* Icon@2x.png in Resources */ = {isa = PBXBuildFile; fileRef = 98B7269718F535310093D787 /* Icon@2x.png */; };
		98B726B518F535310093D787 /* Icon-40.png in Resources */ = {isa = PBXBuildFile; fileRef = 98B7269B18F535310093D787 /* Icon-40.png */; };
		98B726B618F535310093D787 /* Icon-40@2x.png in Resources */ = {isa = PBXBuildFile; fileRef = 98B7269C18F535310093D787 /* Icon-40@2x.png */; };
		98B726B718F535310093D787 /* Icon-60.png in Resources */ = {isa = PBXBuildFile; fileRef = 98B7269D18F535310093D787 /* Icon-60.png */; };
		98B726B818F535310093D787 /* Icon-60@2x.png in Resources */ = {isa = PBXBuildFile; fileRef = 98B7269E18F535310093D787 /* Icon-60@2x.png */; };
		98B726B918F535310093D787 /* Icon-72.png in Resources */ = {isa = PBXBuildFile; fileRef = 98B7269F18F535310093D787 /* Icon-72.png */; };
		98B726BA18F535310093D787 /* Icon-72@2x.png in Resources */ = {isa = PBXBuildFile; fileRef = 98B726A018F535310093D787 /* Icon-72@2x.png */; };
		98B726BB18F535310093D787 /* Icon-76.png in Resources */ = {isa = PBXBuildFile; fileRef = 98B726A118F535310093D787 /* Icon-76.png */; };
		98B726BC18F535310093D787 /* Icon-76@2x.png in Resources */ = {isa = PBXBuildFile; fileRef = 98B726A218F535310093D787 /* Icon-76@2x.png */; };
		98B726BD18F535310093D787 /* Icon-Small-50.png in Resources */ = {isa = PBXBuildFile; fileRef = 98B726A318F535310093D787 /* Icon-Small-50.png */; };
		98B726BE18F535310093D787 /* Icon-Small-50@2x.png in Resources */ = {isa = PBXBuildFile; fileRef = 98B726A418F535310093D787 /* Icon-Small-50@2x.png */; };
		98B726BF18F535310093D787 /* Icon-Small.png in Resources */ = {isa = PBXBuildFile; fileRef = 98B726A518F535310093D787 /* Icon-Small.png */; };
		98B726C018F535310093D787 /* Icon-Small@2x.png in Resources */ = {isa = PBXBuildFile; fileRef = 98B726A618F535310093D787 /* Icon-Small@2x.png */; };
		98B726C118F535310093D787 /* Icon.png in Resources */ = {isa = PBXBuildFile; fileRef = 98B726A718F535310093D787 /* Icon.png */; };
		98B726C218F535310093D787 /* Icon@2x.png in Resources */ = {isa = PBXBuildFile; fileRef = 98B726A818F535310093D787 /* Icon@2x.png */; };
		98BD5F6518F3DB6E00CE19F2 /* BaseViewController.m in Sources */ = {isa = PBXBuildFile; fileRef = 98BD5F6318F3DB6E00CE19F2 /* BaseViewController.m */; };
		98BD5F6618F3DB6E00CE19F2 /* BaseViewController.xib in Resources */ = {isa = PBXBuildFile; fileRef = 98BD5F6418F3DB6E00CE19F2 /* BaseViewController.xib */; };
		98BD5F6A18F3E24F00CE19F2 /* BaseViewControllerPad.xib in Resources */ = {isa = PBXBuildFile; fileRef = 98BD5F6918F3E24F00CE19F2 /* BaseViewControllerPad.xib */; };
		98BD5F7418F3EC5B00CE19F2 /* MVYSideMenuController.m in Sources */ = {isa = PBXBuildFile; fileRef = 98BD5F7118F3EC5B00CE19F2 /* MVYSideMenuController.m */; };
		98BD5F7518F3EC5B00CE19F2 /* MVYSideMenuOptions.m in Sources */ = {isa = PBXBuildFile; fileRef = 98BD5F7318F3EC5B00CE19F2 /* MVYSideMenuOptions.m */; };
		98FC8A6018F46E5F0046B21E /* circle.png in Resources */ = {isa = PBXBuildFile; fileRef = 98FC8A5F18F46E5F0046B21E /* circle.png */; };
		B7D377F317A327400001F5BC /* SimpleExampleViewControllerPad.xib in Resources */ = {isa = PBXBuildFile; fileRef = B7D377F217A327400001F5BC /* SimpleExampleViewControllerPad.xib */; };
		B7E3102B17A0D9340049FD09 /* UIKit.framework in Frameworks */ = {isa = PBXBuildFile; fileRef = B7E3102A17A0D9340049FD09 /* UIKit.framework */; };
		B7E3102D17A0D9340049FD09 /* Foundation.framework in Frameworks */ = {isa = PBXBuildFile; fileRef = B7E3102C17A0D9340049FD09 /* Foundation.framework */; };
		B7E3102F17A0D9340049FD09 /* CoreGraphics.framework in Frameworks */ = {isa = PBXBuildFile; fileRef = B7E3102E17A0D9340049FD09 /* CoreGraphics.framework */; };
		B7E3103517A0D9340049FD09 /* InfoPlist.strings in Resources */ = {isa = PBXBuildFile; fileRef = B7E3103317A0D9340049FD09 /* InfoPlist.strings */; };
		B7E3103717A0D9340049FD09 /* main.m in Sources */ = {isa = PBXBuildFile; fileRef = B7E3103617A0D9340049FD09 /* main.m */; };
		B7E3103B17A0D9340049FD09 /* JKAppDelegate.m in Sources */ = {isa = PBXBuildFile; fileRef = B7E3103A17A0D9340049FD09 /* JKAppDelegate.m */; };
		B7E3108417A0DA4B0049FD09 /* JKAppDelegate.h in Sources */ = {isa = PBXBuildFile; fileRef = B7E3103917A0D9340049FD09 /* JKAppDelegate.h */; };
		B7E3108517A0DA4B0049FD09 /* SimpleExampleViewController.h in Sources */ = {isa = PBXBuildFile; fileRef = B7E3107C17A0D9DE0049FD09 /* SimpleExampleViewController.h */; };
		B7E3108617A0DA4B0049FD09 /* SimpleExampleViewController.m in Sources */ = {isa = PBXBuildFile; fileRef = B7E3107D17A0D9DE0049FD09 /* SimpleExampleViewController.m */; };
		B7E3108717A0DB400049FD09 /* SimpleExampleViewController.xib in Resources */ = {isa = PBXBuildFile; fileRef = B7E3107E17A0D9DE0049FD09 /* SimpleExampleViewController.xib */; };
/* End PBXBuildFile section */

/* Begin PBXFileReference section */
		8E479CD21A18664800AF1D86 /* arrow-icon.png */ = {isa = PBXFileReference; lastKnownFileType = image.png; path = "arrow-icon.png"; sourceTree = "<group>"; };
		8E479CD31A18664800AF1D86 /* arrow-icon@2x.png */ = {isa = PBXFileReference; lastKnownFileType = image.png; path = "arrow-icon@2x.png"; sourceTree = "<group>"; };
		8E479CD41A18664800AF1D86 /* checkmark.png */ = {isa = PBXFileReference; lastKnownFileType = image.png; path = checkmark.png; sourceTree = "<group>"; };
		8E479CD51A18664800AF1D86 /* checkmark@2x.png */ = {isa = PBXFileReference; lastKnownFileType = image.png; path = "checkmark@2x.png"; sourceTree = "<group>"; };
		8E479CD61A18664800AF1D86 /* JKExpandTableView.h */ = {isa = PBXFileReference; fileEncoding = 4; lastKnownFileType = sourcecode.c.h; path = JKExpandTableView.h; sourceTree = "<group>"; };
		8E479CD71A18664800AF1D86 /* JKExpandTableView.m */ = {isa = PBXFileReference; fileEncoding = 4; lastKnownFileType = sourcecode.c.objc; path = JKExpandTableView.m; sourceTree = "<group>"; };
		8E479CD81A18664800AF1D86 /* JKMultiSelectSubTableViewCell.h */ = {isa = PBXFileReference; fileEncoding = 4; lastKnownFileType = sourcecode.c.h; path = JKMultiSelectSubTableViewCell.h; sourceTree = "<group>"; };
		8E479CD91A18664800AF1D86 /* JKMultiSelectSubTableViewCell.m */ = {isa = PBXFileReference; fileEncoding = 4; lastKnownFileType = sourcecode.c.objc; path = JKMultiSelectSubTableViewCell.m; sourceTree = "<group>"; };
		8E479CDA1A18664800AF1D86 /* JKParentTableViewCell.h */ = {isa = PBXFileReference; fileEncoding = 4; lastKnownFileType = sourcecode.c.h; path = JKParentTableViewCell.h; sourceTree = "<group>"; };
		8E479CDB1A18664800AF1D86 /* JKParentTableViewCell.m */ = {isa = PBXFileReference; fileEncoding = 4; lastKnownFileType = sourcecode.c.objc; path = JKParentTableViewCell.m; sourceTree = "<group>"; };
		8E479CDC1A18664800AF1D86 /* JKSingleSelectSubTableViewCell.h */ = {isa = PBXFileReference; fileEncoding = 4; lastKnownFileType = sourcecode.c.h; path = JKSingleSelectSubTableViewCell.h; sourceTree = "<group>"; };
		8E479CDD1A18664800AF1D86 /* JKSingleSelectSubTableViewCell.m */ = {isa = PBXFileReference; fileEncoding = 4; lastKnownFileType = sourcecode.c.objc; path = JKSingleSelectSubTableViewCell.m; sourceTree = "<group>"; };
		8E479CDE1A18664800AF1D86 /* JKSubTableViewCell.h */ = {isa = PBXFileReference; fileEncoding = 4; lastKnownFileType = sourcecode.c.h; path = JKSubTableViewCell.h; sourceTree = "<group>"; };
		8E479CDF1A18664800AF1D86 /* JKSubTableViewCell.m */ = {isa = PBXFileReference; fileEncoding = 4; lastKnownFileType = sourcecode.c.objc; path = JKSubTableViewCell.m; sourceTree = "<group>"; };
		8E479CE01A18664800AF1D86 /* JKSubTableViewCellCell.h */ = {isa = PBXFileReference; fileEncoding = 4; lastKnownFileType = sourcecode.c.h; path = JKSubTableViewCellCell.h; sourceTree = "<group>"; };
		8E479CE11A18664800AF1D86 /* JKSubTableViewCellCell.m */ = {isa = PBXFileReference; fileEncoding = 4; lastKnownFileType = sourcecode.c.objc; path = JKSubTableViewCellCell.m; sourceTree = "<group>"; };
		8E479CF01A186F7800AF1D86 /* hextris */ = {isa = PBXFileReference; lastKnownFileType = folder; name = hextris; path = ../hextris; sourceTree = "<group>"; };
		8EDD2F8E1A18804200C948D4 /* SystemConfiguration.framework */ = {isa = PBXFileReference; lastKnownFileType = wrapper.framework; name = SystemConfiguration.framework; path = System/Library/Frameworks/SystemConfiguration.framework; sourceTree = SDKROOT; };
		8EDD2F901A18804800C948D4 /* StoreKit.framework */ = {isa = PBXFileReference; lastKnownFileType = wrapper.framework; name = StoreKit.framework; path = System/Library/Frameworks/StoreKit.framework; sourceTree = SDKROOT; };
		8EDD2F921A18805300C948D4 /* MediaPlayer.framework */ = {isa = PBXFileReference; lastKnownFileType = wrapper.framework; name = MediaPlayer.framework; path = System/Library/Frameworks/MediaPlayer.framework; sourceTree = SDKROOT; };
		8EDD2F941A18805800C948D4 /* AdSupport.framework */ = {isa = PBXFileReference; lastKnownFileType = wrapper.framework; name = AdSupport.framework; path = System/Library/Frameworks/AdSupport.framework; sourceTree = SDKROOT; };
		8EDD2F961A18838900C948D4 /* RevMobAds.framework */ = {isa = PBXFileReference; lastKnownFileType = wrapper.framework; path = RevMobAds.framework; sourceTree = "<group>"; };
		98B7264C18F3FA530093D787 /* dataPropertyList.plist */ = {isa = PBXFileReference; fileEncoding = 4; lastKnownFileType = text.plist.xml; name = dataPropertyList.plist; path = ../dataPropertyList.plist; sourceTree = "<group>"; };
		98B7268518F534460093D787 /* Default~ipad.png */ = {isa = PBXFileReference; lastKnownFileType = image.png; path = "Default~ipad.png"; sourceTree = "<group>"; };
		98B7268618F534460093D787 /* Default-Portrait@2x~ipad.png */ = {isa = PBXFileReference; lastKnownFileType = image.png; path = "Default-Portrait@2x~ipad.png"; sourceTree = "<group>"; };
		98B7268718F534460093D787 /* Default-568h@2x.png */ = {isa = PBXFileReference; lastKnownFileType = image.png; path = "Default-568h@2x.png"; sourceTree = "<group>"; };
		98B7268818F534460093D787 /* Default.png */ = {isa = PBXFileReference; lastKnownFileType = image.png; path = Default.png; sourceTree = "<group>"; };
		98B7268918F534460093D787 /* Default@2x.png */ = {isa = PBXFileReference; lastKnownFileType = image.png; path = "Default@2x.png"; sourceTree = "<group>"; };
		98B7269018F535310093D787 /* Icon-72.png */ = {isa = PBXFileReference; lastKnownFileType = image.png; path = "Icon-72.png"; sourceTree = "<group>"; };
		98B7269118F535310093D787 /* Icon-72@2x.png */ = {isa = PBXFileReference; lastKnownFileType = image.png; path = "Icon-72@2x.png"; sourceTree = "<group>"; };
		98B7269218F535310093D787 /* Icon-Small-50.png */ = {isa = PBXFileReference; lastKnownFileType = image.png; path = "Icon-Small-50.png"; sourceTree = "<group>"; };
		98B7269318F535310093D787 /* Icon-Small-50@2x.png */ = {isa = PBXFileReference; lastKnownFileType = image.png; path = "Icon-Small-50@2x.png"; sourceTree = "<group>"; };
		98B7269418F535310093D787 /* Icon-Small.png */ = {isa = PBXFileReference; lastKnownFileType = image.png; path = "Icon-Small.png"; sourceTree = "<group>"; };
		98B7269518F535310093D787 /* Icon-Small@2x.png */ = {isa = PBXFileReference; lastKnownFileType = image.png; path = "Icon-Small@2x.png"; sourceTree = "<group>"; };
		98B7269618F535310093D787 /* Icon.png */ = {isa = PBXFileReference; lastKnownFileType = image.png; path = Icon.png; sourceTree = "<group>"; };
		98B7269718F535310093D787 /* Icon@2x.png */ = {isa = PBXFileReference; lastKnownFileType = image.png; path = "Icon@2x.png"; sourceTree = "<group>"; };
		98B7269B18F535310093D787 /* Icon-40.png */ = {isa = PBXFileReference; lastKnownFileType = image.png; path = "Icon-40.png"; sourceTree = "<group>"; };
		98B7269C18F535310093D787 /* Icon-40@2x.png */ = {isa = PBXFileReference; lastKnownFileType = image.png; path = "Icon-40@2x.png"; sourceTree = "<group>"; };
		98B7269D18F535310093D787 /* Icon-60.png */ = {isa = PBXFileReference; lastKnownFileType = image.png; path = "Icon-60.png"; sourceTree = "<group>"; };
		98B7269E18F535310093D787 /* Icon-60@2x.png */ = {isa = PBXFileReference; lastKnownFileType = image.png; path = "Icon-60@2x.png"; sourceTree = "<group>"; };
		98B7269F18F535310093D787 /* Icon-72.png */ = {isa = PBXFileReference; lastKnownFileType = image.png; path = "Icon-72.png"; sourceTree = "<group>"; };
		98B726A018F535310093D787 /* Icon-72@2x.png */ = {isa = PBXFileReference; lastKnownFileType = image.png; path = "Icon-72@2x.png"; sourceTree = "<group>"; };
		98B726A118F535310093D787 /* Icon-76.png */ = {isa = PBXFileReference; lastKnownFileType = image.png; path = "Icon-76.png"; sourceTree = "<group>"; };
		98B726A218F535310093D787 /* Icon-76@2x.png */ = {isa = PBXFileReference; lastKnownFileType = image.png; path = "Icon-76@2x.png"; sourceTree = "<group>"; };
		98B726A318F535310093D787 /* Icon-Small-50.png */ = {isa = PBXFileReference; lastKnownFileType = image.png; path = "Icon-Small-50.png"; sourceTree = "<group>"; };
		98B726A418F535310093D787 /* Icon-Small-50@2x.png */ = {isa = PBXFileReference; lastKnownFileType = image.png; path = "Icon-Small-50@2x.png"; sourceTree = "<group>"; };
		98B726A518F535310093D787 /* Icon-Small.png */ = {isa = PBXFileReference; lastKnownFileType = image.png; path = "Icon-Small.png"; sourceTree = "<group>"; };
		98B726A618F535310093D787 /* Icon-Small@2x.png */ = {isa = PBXFileReference; lastKnownFileType = image.png; path = "Icon-Small@2x.png"; sourceTree = "<group>"; };
		98B726A718F535310093D787 /* Icon.png */ = {isa = PBXFileReference; lastKnownFileType = image.png; path = Icon.png; sourceTree = "<group>"; };
		98B726A818F535310093D787 /* Icon@2x.png */ = {isa = PBXFileReference; lastKnownFileType = image.png; path = "Icon@2x.png"; sourceTree = "<group>"; };
		98BD5F6218F3DB6E00CE19F2 /* BaseViewController.h */ = {isa = PBXFileReference; fileEncoding = 4; lastKnownFileType = sourcecode.c.h; path = BaseViewController.h; sourceTree = "<group>"; };
		98BD5F6318F3DB6E00CE19F2 /* BaseViewController.m */ = {isa = PBXFileReference; fileEncoding = 4; lastKnownFileType = sourcecode.c.objc; path = BaseViewController.m; sourceTree = "<group>"; };
		98BD5F6418F3DB6E00CE19F2 /* BaseViewController.xib */ = {isa = PBXFileReference; fileEncoding = 4; lastKnownFileType = file.xib; path = BaseViewController.xib; sourceTree = "<group>"; };
		98BD5F6918F3E24F00CE19F2 /* BaseViewControllerPad.xib */ = {isa = PBXFileReference; fileEncoding = 4; lastKnownFileType = file.xib; path = BaseViewControllerPad.xib; sourceTree = "<group>"; };
		98BD5F7018F3EC5B00CE19F2 /* MVYSideMenuController.h */ = {isa = PBXFileReference; fileEncoding = 4; lastKnownFileType = sourcecode.c.h; path = MVYSideMenuController.h; sourceTree = "<group>"; };
		98BD5F7118F3EC5B00CE19F2 /* MVYSideMenuController.m */ = {isa = PBXFileReference; fileEncoding = 4; lastKnownFileType = sourcecode.c.objc; path = MVYSideMenuController.m; sourceTree = "<group>"; };
		98BD5F7218F3EC5B00CE19F2 /* MVYSideMenuOptions.h */ = {isa = PBXFileReference; fileEncoding = 4; lastKnownFileType = sourcecode.c.h; path = MVYSideMenuOptions.h; sourceTree = "<group>"; };
		98BD5F7318F3EC5B00CE19F2 /* MVYSideMenuOptions.m */ = {isa = PBXFileReference; fileEncoding = 4; lastKnownFileType = sourcecode.c.objc; path = MVYSideMenuOptions.m; sourceTree = "<group>"; };
		98FC8A5F18F46E5F0046B21E /* circle.png */ = {isa = PBXFileReference; lastKnownFileType = image.png; path = circle.png; sourceTree = "<group>"; };
		B7D377F217A327400001F5BC /* SimpleExampleViewControllerPad.xib */ = {isa = PBXFileReference; fileEncoding = 4; lastKnownFileType = file.xib; path = SimpleExampleViewControllerPad.xib; sourceTree = "<group>"; };
		B7E3102717A0D9340049FD09 /* Hextaris.app */ = {isa = PBXFileReference; explicitFileType = wrapper.application; includeInIndex = 0; path = Hextaris.app; sourceTree = BUILT_PRODUCTS_DIR; };
		B7E3102A17A0D9340049FD09 /* UIKit.framework */ = {isa = PBXFileReference; lastKnownFileType = wrapper.framework; name = UIKit.framework; path = System/Library/Frameworks/UIKit.framework; sourceTree = SDKROOT; };
		B7E3102C17A0D9340049FD09 /* Foundation.framework */ = {isa = PBXFileReference; lastKnownFileType = wrapper.framework; name = Foundation.framework; path = System/Library/Frameworks/Foundation.framework; sourceTree = SDKROOT; };
		B7E3102E17A0D9340049FD09 /* CoreGraphics.framework */ = {isa = PBXFileReference; lastKnownFileType = wrapper.framework; name = CoreGraphics.framework; path = System/Library/Frameworks/CoreGraphics.framework; sourceTree = SDKROOT; };
		B7E3103217A0D9340049FD09 /* Hextaris-Info.plist */ = {isa = PBXFileReference; lastKnownFileType = text.plist.xml; path = "Hextaris-Info.plist"; sourceTree = "<group>"; };
		B7E3103417A0D9340049FD09 /* en */ = {isa = PBXFileReference; lastKnownFileType = text.plist.strings; name = en; path = en.lproj/InfoPlist.strings; sourceTree = "<group>"; };
		B7E3103617A0D9340049FD09 /* main.m */ = {isa = PBXFileReference; lastKnownFileType = sourcecode.c.objc; path = main.m; sourceTree = "<group>"; };
		B7E3103817A0D9340049FD09 /* Hextaris.pch */ = {isa = PBXFileReference; lastKnownFileType = sourcecode.c.h; path = Hextaris.pch; sourceTree = "<group>"; };
		B7E3103917A0D9340049FD09 /* JKAppDelegate.h */ = {isa = PBXFileReference; lastKnownFileType = sourcecode.c.h; path = JKAppDelegate.h; sourceTree = "<group>"; };
		B7E3103A17A0D9340049FD09 /* JKAppDelegate.m */ = {isa = PBXFileReference; lastKnownFileType = sourcecode.c.objc; path = JKAppDelegate.m; sourceTree = "<group>"; };
		B7E3104817A0D9340049FD09 /* SenTestingKit.framework */ = {isa = PBXFileReference; lastKnownFileType = wrapper.framework; name = SenTestingKit.framework; path = Library/Frameworks/SenTestingKit.framework; sourceTree = DEVELOPER_DIR; };
		B7E3107C17A0D9DE0049FD09 /* SimpleExampleViewController.h */ = {isa = PBXFileReference; fileEncoding = 4; lastKnownFileType = sourcecode.c.h; path = SimpleExampleViewController.h; sourceTree = "<group>"; };
		B7E3107D17A0D9DE0049FD09 /* SimpleExampleViewController.m */ = {isa = PBXFileReference; fileEncoding = 4; lastKnownFileType = sourcecode.c.objc; path = SimpleExampleViewController.m; sourceTree = "<group>"; };
		B7E3107E17A0D9DE0049FD09 /* SimpleExampleViewController.xib */ = {isa = PBXFileReference; fileEncoding = 4; lastKnownFileType = file.xib; path = SimpleExampleViewController.xib; sourceTree = "<group>"; };
/* End PBXFileReference section */

/* Begin PBXFrameworksBuildPhase section */
		B7E3102417A0D9340049FD09 /* Frameworks */ = {
			isa = PBXFrameworksBuildPhase;
			buildActionMask = 2147483647;
			files = (
				8EDD2F951A18805800C948D4 /* AdSupport.framework in Frameworks */,
				8EDD2F931A18805300C948D4 /* MediaPlayer.framework in Frameworks */,
				8EDD2F971A18838900C948D4 /* RevMobAds.framework in Frameworks */,
				8EDD2F911A18804900C948D4 /* StoreKit.framework in Frameworks */,
				8EDD2F8F1A18804200C948D4 /* SystemConfiguration.framework in Frameworks */,
				B7E3102B17A0D9340049FD09 /* UIKit.framework in Frameworks */,
				B7E3102D17A0D9340049FD09 /* Foundation.framework in Frameworks */,
				B7E3102F17A0D9340049FD09 /* CoreGraphics.framework in Frameworks */,
			);
			runOnlyForDeploymentPostprocessing = 0;
		};
/* End PBXFrameworksBuildPhase section */

/* Begin PBXGroup section */
		8E479CD01A18664800AF1D86 /* ExpandTableView */ = {
			isa = PBXGroup;
			children = (
				8E479CD11A18664800AF1D86 /* img */,
				8E479CD61A18664800AF1D86 /* JKExpandTableView.h */,
				8E479CD71A18664800AF1D86 /* JKExpandTableView.m */,
				8E479CD81A18664800AF1D86 /* JKMultiSelectSubTableViewCell.h */,
				8E479CD91A18664800AF1D86 /* JKMultiSelectSubTableViewCell.m */,
				8E479CDA1A18664800AF1D86 /* JKParentTableViewCell.h */,
				8E479CDB1A18664800AF1D86 /* JKParentTableViewCell.m */,
				8E479CDC1A18664800AF1D86 /* JKSingleSelectSubTableViewCell.h */,
				8E479CDD1A18664800AF1D86 /* JKSingleSelectSubTableViewCell.m */,
				8E479CDE1A18664800AF1D86 /* JKSubTableViewCell.h */,
				8E479CDF1A18664800AF1D86 /* JKSubTableViewCell.m */,
				8E479CE01A18664800AF1D86 /* JKSubTableViewCellCell.h */,
				8E479CE11A18664800AF1D86 /* JKSubTableViewCellCell.m */,
			);
			name = ExpandTableView;
			path = ../../ExpandTableView;
			sourceTree = "<group>";
		};
		8E479CD11A18664800AF1D86 /* img */ = {
			isa = PBXGroup;
			children = (
				8E479CD21A18664800AF1D86 /* arrow-icon.png */,
				8E479CD31A18664800AF1D86 /* arrow-icon@2x.png */,
				8E479CD41A18664800AF1D86 /* checkmark.png */,
				8E479CD51A18664800AF1D86 /* checkmark@2x.png */,
			);
			path = img;
			sourceTree = "<group>";
		};
		98B7268418F5342E0093D787 /* Splash Screens */ = {
			isa = PBXGroup;
			children = (
				98B7268518F534460093D787 /* Default~ipad.png */,
				98B7268618F534460093D787 /* Default-Portrait@2x~ipad.png */,
				98B7268718F534460093D787 /* Default-568h@2x.png */,
				98B7268818F534460093D787 /* Default.png */,
				98B7268918F534460093D787 /* Default@2x.png */,
			);
			name = "Splash Screens";
			sourceTree = "<group>";
		};
		98B7268F18F535310093D787 /* ios */ = {
			isa = PBXGroup;
			children = (
				98B7269018F535310093D787 /* Icon-72.png */,
				98B7269118F535310093D787 /* Icon-72@2x.png */,
				98B7269218F535310093D787 /* Icon-Small-50.png */,
				98B7269318F535310093D787 /* Icon-Small-50@2x.png */,
				98B7269418F535310093D787 /* Icon-Small.png */,
				98B7269518F535310093D787 /* Icon-Small@2x.png */,
				98B7269618F535310093D787 /* Icon.png */,
				98B7269718F535310093D787 /* Icon@2x.png */,
			);
			path = ios;
			sourceTree = "<group>";
		};
		98B7269A18F535310093D787 /* ios7 */ = {
			isa = PBXGroup;
			children = (
				98B7269B18F535310093D787 /* Icon-40.png */,
				98B7269C18F535310093D787 /* Icon-40@2x.png */,
				98B7269D18F535310093D787 /* Icon-60.png */,
				98B7269E18F535310093D787 /* Icon-60@2x.png */,
				98B7269F18F535310093D787 /* Icon-72.png */,
				98B726A018F535310093D787 /* Icon-72@2x.png */,
				98B726A118F535310093D787 /* Icon-76.png */,
				98B726A218F535310093D787 /* Icon-76@2x.png */,
				98B726A318F535310093D787 /* Icon-Small-50.png */,
				98B726A418F535310093D787 /* Icon-Small-50@2x.png */,
				98B726A518F535310093D787 /* Icon-Small.png */,
				98B726A618F535310093D787 /* Icon-Small@2x.png */,
				98B726A718F535310093D787 /* Icon.png */,
				98B726A818F535310093D787 /* Icon@2x.png */,
			);
			path = ios7;
			sourceTree = "<group>";
		};
		98BD5F6F18F3EC5B00CE19F2 /* MVYSideMenu */ = {
			isa = PBXGroup;
			children = (
				98BD5F7018F3EC5B00CE19F2 /* MVYSideMenuController.h */,
				98BD5F7118F3EC5B00CE19F2 /* MVYSideMenuController.m */,
				98BD5F7218F3EC5B00CE19F2 /* MVYSideMenuOptions.h */,
				98BD5F7318F3EC5B00CE19F2 /* MVYSideMenuOptions.m */,
			);
			path = MVYSideMenu;
			sourceTree = "<group>";
		};
		B7E3101E17A0D9340049FD09 = {
			isa = PBXGroup;
			children = (
				8E479CF01A186F7800AF1D86 /* hextris */,
				B7E3105F17A0D95D0049FD09 /* Libraries */,
				B7E3103017A0D9340049FD09 /* Expand */,
				B7E3102917A0D9340049FD09 /* Frameworks */,
				B7E3102817A0D9340049FD09 /* Products */,
			);
			sourceTree = "<group>";
		};
		B7E3102817A0D9340049FD09 /* Products */ = {
			isa = PBXGroup;
			children = (
				B7E3102717A0D9340049FD09 /* Hextaris.app */,
			);
			name = Products;
			sourceTree = "<group>";
		};
		B7E3102917A0D9340049FD09 /* Frameworks */ = {
			isa = PBXGroup;
			children = (
				8EDD2F961A18838900C948D4 /* RevMobAds.framework */,
				8EDD2F941A18805800C948D4 /* AdSupport.framework */,
				8EDD2F921A18805300C948D4 /* MediaPlayer.framework */,
				8EDD2F901A18804800C948D4 /* StoreKit.framework */,
				8EDD2F8E1A18804200C948D4 /* SystemConfiguration.framework */,
				B7E3102A17A0D9340049FD09 /* UIKit.framework */,
				B7E3102C17A0D9340049FD09 /* Foundation.framework */,
				B7E3102E17A0D9340049FD09 /* CoreGraphics.framework */,
				B7E3104817A0D9340049FD09 /* SenTestingKit.framework */,
			);
			name = Frameworks;
			sourceTree = "<group>";
		};
		B7E3103017A0D9340049FD09 /* Expand */ = {
			isa = PBXGroup;
			children = (
				8E479CD01A18664800AF1D86 /* ExpandTableView */,
				98B7264C18F3FA530093D787 /* dataPropertyList.plist */,
				B7E3103917A0D9340049FD09 /* JKAppDelegate.h */,
				B7E3103A17A0D9340049FD09 /* JKAppDelegate.m */,
				B7E3107C17A0D9DE0049FD09 /* SimpleExampleViewController.h */,
				B7E3107D17A0D9DE0049FD09 /* SimpleExampleViewController.m */,
				B7E3107E17A0D9DE0049FD09 /* SimpleExampleViewController.xib */,
				B7D377F217A327400001F5BC /* SimpleExampleViewControllerPad.xib */,
				B7E3108117A0D9E80049FD09 /* res_artworks */,
				B7E3103117A0D9340049FD09 /* Supporting Files */,
				98BD5F6218F3DB6E00CE19F2 /* BaseViewController.h */,
				98BD5F6318F3DB6E00CE19F2 /* BaseViewController.m */,
				98BD5F6418F3DB6E00CE19F2 /* BaseViewController.xib */,
				98BD5F6918F3E24F00CE19F2 /* BaseViewControllerPad.xib */,
			);
			name = Expand;
			path = JKExpandTableViewSamples;
			sourceTree = "<group>";
		};
		B7E3103117A0D9340049FD09 /* Supporting Files */ = {
			isa = PBXGroup;
			children = (
				B7E3103217A0D9340049FD09 /* Hextaris-Info.plist */,
				B7E3103317A0D9340049FD09 /* InfoPlist.strings */,
				B7E3103617A0D9340049FD09 /* main.m */,
				B7E3103817A0D9340049FD09 /* Hextaris.pch */,
			);
			name = "Supporting Files";
			sourceTree = "<group>";
		};
		B7E3105F17A0D95D0049FD09 /* Libraries */ = {
			isa = PBXGroup;
			children = (
				98BD5F6F18F3EC5B00CE19F2 /* MVYSideMenu */,
			);
			name = Libraries;
			sourceTree = "<group>";
		};
		B7E3108117A0D9E80049FD09 /* res_artworks */ = {
			isa = PBXGroup;
			children = (
				98B7268F18F535310093D787 /* ios */,
				98B7269A18F535310093D787 /* ios7 */,
				98B7268418F5342E0093D787 /* Splash Screens */,
				98FC8A5F18F46E5F0046B21E /* circle.png */,
			);
			name = res_artworks;
			path = examples_img;
			sourceTree = "<group>";
		};
/* End PBXGroup section */

/* Begin PBXNativeTarget section */
		B7E3102617A0D9340049FD09 /* Hextaris */ = {
			isa = PBXNativeTarget;
			buildConfigurationList = B7E3105917A0D9350049FD09 /* Build configuration list for PBXNativeTarget "Hextaris" */;
			buildPhases = (
				B7E3102317A0D9340049FD09 /* Sources */,
				B7E3102417A0D9340049FD09 /* Frameworks */,
				B7E3102517A0D9340049FD09 /* Resources */,
			);
			buildRules = (
			);
			dependencies = (
			);
			name = Hextaris;
			productName = JKExpandTableViewSamples;
			productReference = B7E3102717A0D9340049FD09 /* Hextaris.app */;
			productType = "com.apple.product-type.application";
		};
/* End PBXNativeTarget section */

/* Begin PBXProject section */
		B7E3101F17A0D9340049FD09 /* Project object */ = {
			isa = PBXProject;
			attributes = {
				CLASSPREFIX = JK;
				LastTestingUpgradeCheck = 0510;
				LastUpgradeCheck = 0460;
				ORGANIZATIONNAME = mobilegigo;
				TargetAttributes = {
					B7E3102617A0D9340049FD09 = {
						DevelopmentTeam = UMRSS6VH6F;
					};
				};
			};
			buildConfigurationList = B7E3102217A0D9340049FD09 /* Build configuration list for PBXProject "Hextaris" */;
			compatibilityVersion = "Xcode 3.2";
			developmentRegion = English;
			hasScannedForEncodings = 0;
			knownRegions = (
				en,
			);
			mainGroup = B7E3101E17A0D9340049FD09;
			productRefGroup = B7E3102817A0D9340049FD09 /* Products */;
			projectDirPath = "";
			projectRoot = "";
			targets = (
				B7E3102617A0D9340049FD09 /* Hextaris */,
			);
		};
/* End PBXProject section */

/* Begin PBXResourcesBuildPhase section */
		B7E3102517A0D9340049FD09 /* Resources */ = {
			isa = PBXResourcesBuildPhase;
			buildActionMask = 2147483647;
			files = (
				98B7268C18F534460093D787 /* Default-568h@2x.png in Resources */,
				98B7268E18F534460093D787 /* Default@2x.png in Resources */,
				98BD5F6A18F3E24F00CE19F2 /* BaseViewControllerPad.xib in Resources */,
				98B7268B18F534460093D787 /* Default-Portrait@2x~ipad.png in Resources */,
				98B7268D18F534460093D787 /* Default.png in Resources */,
				98B726AE18F535310093D787 /* Icon-Small-50@2x.png in Resources */,
				8E479CE21A18664800AF1D86 /* arrow-icon.png in Resources */,
				98B726BF18F535310093D787 /* Icon-Small.png in Resources */,
				98B726BE18F535310093D787 /* Icon-Small-50@2x.png in Resources */,
				98B726C118F535310093D787 /* Icon.png in Resources */,
				B7E3108717A0DB400049FD09 /* SimpleExampleViewController.xib in Resources */,
				B7E3103517A0D9340049FD09 /* InfoPlist.strings in Resources */,
				98B726B118F535310093D787 /* Icon.png in Resources */,
				98B726AF18F535310093D787 /* Icon-Small.png in Resources */,
				98B726B018F535310093D787 /* Icon-Small@2x.png in Resources */,
				98B726AB18F535310093D787 /* Icon-72.png in Resources */,
				98B726C018F535310093D787 /* Icon-Small@2x.png in Resources */,
				98B7268A18F534460093D787 /* Default~ipad.png in Resources */,
				8E479CF11A186F7800AF1D86 /* hextris in Resources */,
				98B726AC18F535310093D787 /* Icon-72@2x.png in Resources */,
				98B726BC18F535310093D787 /* Icon-76@2x.png in Resources */,
				8E479CE41A18664800AF1D86 /* checkmark.png in Resources */,
				98B7264D18F3FA530093D787 /* dataPropertyList.plist in Resources */,
				8E479CE51A18664800AF1D86 /* checkmark@2x.png in Resources */,
				98B726B218F535310093D787 /* Icon@2x.png in Resources */,
				98B726BD18F535310093D787 /* Icon-Small-50.png in Resources */,
				98B726B718F535310093D787 /* Icon-60.png in Resources */,
				98B726C218F535310093D787 /* Icon@2x.png in Resources */,
				98BD5F6618F3DB6E00CE19F2 /* BaseViewController.xib in Resources */,
				98B726B518F535310093D787 /* Icon-40.png in Resources */,
				8E479CE31A18664800AF1D86 /* arrow-icon@2x.png in Resources */,
				98B726AD18F535310093D787 /* Icon-Small-50.png in Resources */,
				98FC8A6018F46E5F0046B21E /* circle.png in Resources */,
				98B726B818F535310093D787 /* Icon-60@2x.png in Resources */,
				98B726BB18F535310093D787 /* Icon-76.png in Resources */,
				98B726B918F535310093D787 /* Icon-72.png in Resources */,
				B7D377F317A327400001F5BC /* SimpleExampleViewControllerPad.xib in Resources */,
				98B726B618F535310093D787 /* Icon-40@2x.png in Resources */,
				98B726BA18F535310093D787 /* Icon-72@2x.png in Resources */,
			);
			runOnlyForDeploymentPostprocessing = 0;
		};
/* End PBXResourcesBuildPhase section */

/* Begin PBXSourcesBuildPhase section */
		B7E3102317A0D9340049FD09 /* Sources */ = {
			isa = PBXSourcesBuildPhase;
			buildActionMask = 2147483647;
			files = (
				8E479CE81A18664800AF1D86 /* JKParentTableViewCell.m in Sources */,
				98BD5F6518F3DB6E00CE19F2 /* BaseViewController.m in Sources */,
				98BD5F7518F3EC5B00CE19F2 /* MVYSideMenuOptions.m in Sources */,
				B7E3108417A0DA4B0049FD09 /* JKAppDelegate.h in Sources */,
				8E479CE71A18664800AF1D86 /* JKMultiSelectSubTableViewCell.m in Sources */,
				8E479CEA1A18664800AF1D86 /* JKSubTableViewCell.m in Sources */,
				B7E3108517A0DA4B0049FD09 /* SimpleExampleViewController.h in Sources */,
				B7E3108617A0DA4B0049FD09 /* SimpleExampleViewController.m in Sources */,
				98BD5F7418F3EC5B00CE19F2 /* MVYSideMenuController.m in Sources */,
				B7E3103717A0D9340049FD09 /* main.m in Sources */,
				B7E3103B17A0D9340049FD09 /* JKAppDelegate.m in Sources */,
				8E479CEB1A18664800AF1D86 /* JKSubTableViewCellCell.m in Sources */,
				8E479CE91A18664800AF1D86 /* JKSingleSelectSubTableViewCell.m in Sources */,
				8E479CE61A18664800AF1D86 /* JKExpandTableView.m in Sources */,
			);
			runOnlyForDeploymentPostprocessing = 0;
		};
/* End PBXSourcesBuildPhase section */

/* Begin PBXVariantGroup section */
		B7E3103317A0D9340049FD09 /* InfoPlist.strings */ = {
			isa = PBXVariantGroup;
			children = (
				B7E3103417A0D9340049FD09 /* en */,
			);
			name = InfoPlist.strings;
			sourceTree = "<group>";
		};
/* End PBXVariantGroup section */

/* Begin XCBuildConfiguration section */
		B7E3105717A0D9350049FD09 /* Debug */ = {
			isa = XCBuildConfiguration;
			buildSettings = {
				ALWAYS_SEARCH_USER_PATHS = NO;
				CLANG_CXX_LANGUAGE_STANDARD = "gnu++0x";
				CLANG_CXX_LIBRARY = "libc++";
				CLANG_ENABLE_OBJC_ARC = YES;
				CLANG_WARN_CONSTANT_CONVERSION = YES;
				CLANG_WARN_EMPTY_BODY = YES;
				CLANG_WARN_ENUM_CONVERSION = YES;
				CLANG_WARN_INT_CONVERSION = YES;
				CLANG_WARN__DUPLICATE_METHOD_MATCH = YES;
				CODE_SIGN_IDENTITY = "iPhone Distribution: Jiyeon Lee (UMRSS6VH6F)";
				"CODE_SIGN_IDENTITY[sdk=iphoneos*]" = "iPhone Distribution: Jiyeon Lee (UMRSS6VH6F)";
				COPY_PHASE_STRIP = NO;
				GCC_C_LANGUAGE_STANDARD = gnu99;
				GCC_DYNAMIC_NO_PIC = NO;
				GCC_OPTIMIZATION_LEVEL = 0;
				GCC_PREPROCESSOR_DEFINITIONS = (
					"DEBUG=1",
					"$(inherited)",
				);
				GCC_SYMBOLS_PRIVATE_EXTERN = NO;
				GCC_WARN_ABOUT_RETURN_TYPE = YES;
				GCC_WARN_UNINITIALIZED_AUTOS = YES;
				GCC_WARN_UNUSED_VARIABLE = YES;
				IPHONEOS_DEPLOYMENT_TARGET = 6.1;
				ONLY_ACTIVE_ARCH = YES;
				PROVISIONING_PROFILE = "1a2e27a9-a128-4b11-b923-28df98f8da55";
				SDKROOT = iphoneos;
				TARGETED_DEVICE_FAMILY = 2;
			};
			name = Debug;
		};
		B7E3105817A0D9350049FD09 /* Release */ = {
			isa = XCBuildConfiguration;
			buildSettings = {
				ALWAYS_SEARCH_USER_PATHS = NO;
				CLANG_CXX_LANGUAGE_STANDARD = "gnu++0x";
				CLANG_CXX_LIBRARY = "libc++";
				CLANG_ENABLE_OBJC_ARC = YES;
				CLANG_WARN_CONSTANT_CONVERSION = YES;
				CLANG_WARN_EMPTY_BODY = YES;
				CLANG_WARN_ENUM_CONVERSION = YES;
				CLANG_WARN_INT_CONVERSION = YES;
				CLANG_WARN__DUPLICATE_METHOD_MATCH = YES;
				CODE_SIGN_IDENTITY = "iPhone Distribution: Jiyeon Lee (UMRSS6VH6F)";
				"CODE_SIGN_IDENTITY[sdk=iphoneos*]" = "iPhone Distribution: Jiyeon Lee (UMRSS6VH6F)";
				COPY_PHASE_STRIP = YES;
				GCC_C_LANGUAGE_STANDARD = gnu99;
				GCC_WARN_ABOUT_RETURN_TYPE = YES;
				GCC_WARN_UNINITIALIZED_AUTOS = YES;
				GCC_WARN_UNUSED_VARIABLE = YES;
				IPHONEOS_DEPLOYMENT_TARGET = 6.1;
				OTHER_CFLAGS = "-DNS_BLOCK_ASSERTIONS=1";
				PROVISIONING_PROFILE = "1a2e27a9-a128-4b11-b923-28df98f8da55";
				SDKROOT = iphoneos;
				TARGETED_DEVICE_FAMILY = 2;
				VALIDATE_PRODUCT = YES;
			};
			name = Release;
		};
		B7E3105A17A0D9350049FD09 /* Debug */ = {
			isa = XCBuildConfiguration;
			buildSettings = {
				CODE_SIGN_IDENTITY = "iPhone Developer";
				"CODE_SIGN_IDENTITY[sdk=iphoneos*]" = "iPhone Distribution: Jiyeon Lee (UMRSS6VH6F)";
				FRAMEWORK_SEARCH_PATHS = (
					"$(inherited)",
					"$(PROJECT_DIR)",
				);
				GCC_PRECOMPILE_PREFIX_HEADER = YES;
				GCC_PREFIX_HEADER = JKExpandTableViewSamples/Hextaris.pch;
				INFOPLIST_FILE = "JKExpandTableViewSamples/Hextaris-Info.plist";
				IPHONEOS_DEPLOYMENT_TARGET = 6.1;
				PRODUCT_NAME = Hextaris;
				PROVISIONING_PROFILE = "1a2e27a9-a128-4b11-b923-28df98f8da55";
				TARGETED_DEVICE_FAMILY = "1,2";
				WRAPPER_EXTENSION = app;
			};
			name = Debug;
		};
		B7E3105B17A0D9350049FD09 /* Release */ = {
			isa = XCBuildConfiguration;
			buildSettings = {
				CODE_SIGN_IDENTITY = "iPhone Developer";
				"CODE_SIGN_IDENTITY[sdk=iphoneos*]" = "iPhone Distribution: Jiyeon Lee (UMRSS6VH6F)";
				FRAMEWORK_SEARCH_PATHS = (
					"$(inherited)",
					"$(PROJECT_DIR)",
				);
				GCC_PRECOMPILE_PREFIX_HEADER = YES;
				GCC_PREFIX_HEADER = JKExpandTableViewSamples/Hextaris.pch;
				INFOPLIST_FILE = "JKExpandTableViewSamples/Hextaris-Info.plist";
				IPHONEOS_DEPLOYMENT_TARGET = 6.1;
				PRODUCT_NAME = Hextaris;
				PROVISIONING_PROFILE = "1a2e27a9-a128-4b11-b923-28df98f8da55";
				TARGETED_DEVICE_FAMILY = "1,2";
				WRAPPER_EXTENSION = app;
			};
			name = Release;
		};
/* End XCBuildConfiguration section */

/* Begin XCConfigurationList section */
		B7E3102217A0D9340049FD09 /* Build configuration list for PBXProject "Hextaris" */ = {
			isa = XCConfigurationList;
			buildConfigurations = (
				B7E3105717A0D9350049FD09 /* Debug */,
				B7E3105817A0D9350049FD09 /* Release */,
			);
			defaultConfigurationIsVisible = 0;
			defaultConfigurationName = Release;
		};
		B7E3105917A0D9350049FD09 /* Build configuration list for PBXNativeTarget "Hextaris" */ = {
			isa = XCConfigurationList;
			buildConfigurations = (
				B7E3105A17A0D9350049FD09 /* Debug */,
				B7E3105B17A0D9350049FD09 /* Release */,
			);
			defaultConfigurationIsVisible = 0;
			defaultConfigurationName = Release;
		};
/* End XCConfigurationList section */
	};
	rootObject = B7E3101F17A0D9340049FD09 /* Project object */;
}
